
Microsoft Visual Studio Solution File, Format Version 12.00
# Visual Studio 2012
Project("{8BC9CEB8-8B4A-11D0-8D11-00A0C91BC942}") = "work_with_graph", "work_with_graph\work_with_graph.vcxproj", "{18B0FE1A-A99E-439C-B2D5-7EC8A697511F}"
EndProject
Global
	GlobalSection(SolutionConfigurationPlatforms) = preSolution
		Debug|Win32 = Debug|Win32
		Release|Win32 = Release|Win32
	EndGlobalSection
	GlobalSection(ProjectConfigurationPlatforms) = postSolution
		{18B0FE1A-A99E-439C-B2D5-7EC8A697511F}.Debug|Win32.ActiveCfg = Debug|Win32
		{18B0FE1A-A99E-439C-B2D5-7EC8A697511F}.Debug|Win32.Build.0 = Debug|Win32
		{18B0FE1A-A99E-439C-B2D5-7EC8A697511F}.Release|Win32.ActiveCfg = Release|Win32
		{18B0FE1A-A99E-439C-B2D5-7EC8A697511F}.Release|Win32.Build.0 = Release|Win32
	EndGlobalSection
	GlobalSection(SolutionProperties) = preSolution
		HideSolutionNode = FALSE
	EndGlobalSection
EndGlobal
